
Microsoft Visual Studio Solution File, Format Version 12.00
# Visual Studio Version 16
VisualStudioVersion = 16.0.32602.291
MinimumVisualStudioVersion = 10.0.40219.1
Project("{FAE04EC0-301F-11D3-BF4B-00C04F79EFBC}") = "quoter", "quoter\quoter.csproj", "{4F13F6E6-629E-436A-AC20-17C8C1B8DC79}"
EndProject
Global
	GlobalSection(SolutionConfigurationPlatforms) = preSolution
		Debug|Any CPU = Debug|Any CPU
		Release|Any CPU = Release|Any CPU
	EndGlobalSection
	GlobalSection(ProjectConfigurationPlatforms) = postSolution
		{4F13F6E6-629E-436A-AC20-17C8C1B8DC79}.Debug|Any CPU.ActiveCfg = Debug|Any CPU
		{4F13F6E6-629E-436A-AC20-17C8C1B8DC79}.Debug|Any CPU.Build.0 = Debug|Any CPU
		{4F13F6E6-629E-436A-AC20-17C8C1B8DC79}.Release|Any CPU.ActiveCfg = Release|Any CPU
		{4F13F6E6-629E-436A-AC20-17C8C1B8DC79}.Release|Any CPU.Build.0 = Release|Any CPU
	EndGlobalSection
	GlobalSection(SolutionProperties) = preSolution
		HideSolutionNode = FALSE
	EndGlobalSection
	GlobalSection(ExtensibilityGlobals) = postSolution
		SolutionGuid = {77ADF4F1-CF41-489D-BC8A-73677A390C5D}
	EndGlobalSection
EndGlobal
